// !$*UTF8*$!
{
	archiveVersion = 1;
	classes = {
	};
	objectVersion = 46;
	objects = {

/* Begin PBXBuildFile section */
		8D11072A0486CEB800E47090 /* MainMenu.nib in Resources */ = {isa = PBXBuildFile; fileRef = 29B97318FDCFA39411CA2CEA /* MainMenu.nib */; };
		8D11072B0486CEB800E47090 /* InfoPlist.strings in Resources */ = {isa = PBXBuildFile; fileRef = 089C165CFE840E0CC02AAC07 /* InfoPlist.strings */; };
		8D11072D0486CEB800E47090 /* main.m in Sources */ = {isa = PBXBuildFile; fileRef = 29B97316FDCFA39411CA2CEA /* main.m */; settings = {ATTRIBUTES = (); }; };
		8D11072F0486CEB800E47090 /* Cocoa.framework in Frameworks */ = {isa = PBXBuildFile; fileRef = 1058C7A1FEA54F0111CA2CBB /* Cocoa.framework */; };
		F100BC6C1175208300BAD050 /* TGPerlinControl.mm in Sources */ = {isa = PBXBuildFile; fileRef = F100BC6B1175208300BAD050 /* TGPerlinControl.mm */; };
		F10B068711DE6A2100908D92 /* TGEfxCustomControl.mm in Sources */ = {isa = PBXBuildFile; fileRef = F10B068611DE6A2100908D92 /* TGEfxCustomControl.mm */; };
		F115DB570FF8292A00D2907C /* TGCelularControl.mm in Sources */ = {isa = PBXBuildFile; fileRef = F115DB550FF8292A00D2907C /* TGCelularControl.mm */; };
		F11784D511CC26810096172F /* tga.cpp in Sources */ = {isa = PBXBuildFile; fileRef = F11784D311CC26810096172F /* tga.cpp */; };
		F11871C710B9DE2900B005F4 /* TGBlobControl.mm in Sources */ = {isa = PBXBuildFile; fileRef = F11871C610B9DE2900B005F4 /* TGBlobControl.mm */; };
		F11AA2350FE5ACDE0031FE4E /* apple_font.mm in Sources */ = {isa = PBXBuildFile; fileRef = F11AA2330FE5ACDE0031FE4E /* apple_font.mm */; };
		F11AA2510FE5AD4E0031FE4E /* file.cpp in Sources */ = {isa = PBXBuildFile; fileRef = F11AA24F0FE5AD4E0031FE4E /* file.cpp */; };
		F11D0B850FF918A4001CBBCD /* TGNoiseControl.mm in Sources */ = {isa = PBXBuildFile; fileRef = F11D0B840FF918A4001CBBCD /* TGNoiseControl.mm */; };
		F153CC3A0DBBE5FC002DBFAC /* TGPlainControl.mm in Sources */ = {isa = PBXBuildFile; fileRef = F153CC390DBBE5FC002DBFAC /* TGPlainControl.mm */; };
		F163944B0E3A2E3100A14991 /* textgen.cpp in Sources */ = {isa = PBXBuildFile; fileRef = F16394410E3A2E3100A14991 /* textgen.cpp */; };
		F163944C0E3A2E3100A14991 /* textgenlib.cpp in Sources */ = {isa = PBXBuildFile; fileRef = F16394430E3A2E3100A14991 /* textgenlib.cpp */; };
		F163944D0E3A2E3100A14991 /* textlib.cpp in Sources */ = {isa = PBXBuildFile; fileRef = F16394450E3A2E3100A14991 /* textlib.cpp */; };
		F163944E0E3A2E3100A14991 /* znl.cpp in Sources */ = {isa = PBXBuildFile; fileRef = F16394470E3A2E3100A14991 /* znl.cpp */; };
		F163944F0E3A2E3100A14991 /* znt.cpp in Sources */ = {isa = PBXBuildFile; fileRef = F16394490E3A2E3100A14991 /* znt.cpp */; };
		F1671BF51502C98F00E5FF71 /* TGEfxGradBlurControl.mm in Sources */ = {isa = PBXBuildFile; fileRef = F1671BF41502C98F00E5FF71 /* TGEfxGradBlurControl.mm */; };
		F1687F6E1890556F00D51308 /* Images.xcassets in Resources */ = {isa = PBXBuildFile; fileRef = F1687F6D1890556F00D51308 /* Images.xcassets */; };
		F1758B54107D3C10005597B5 /* TGPlasmaControl.mm in Sources */ = {isa = PBXBuildFile; fileRef = F1758B52107D3C10005597B5 /* TGPlasmaControl.mm */; };
		F176AE730DAC0A5A00AF7EA6 /* MainGUIControl.m in Sources */ = {isa = PBXBuildFile; fileRef = F176AE720DAC0A5A00AF7EA6 /* MainGUIControl.m */; };
		F193310B0DBA56930013DD80 /* TGGUIControl.mm in Sources */ = {isa = PBXBuildFile; fileRef = F193310A0DBA56930013DD80 /* TGGUIControl.mm */; };
		F1A85FA314FACEBE00E7B4CD /* TGEfxColorizeControl.mm in Sources */ = {isa = PBXBuildFile; fileRef = F1A85FA214FACEBE00E7B4CD /* TGEfxColorizeControl.mm */; };
		F1F4B7CD0FF297AA00AE8E86 /* tableview.mm in Sources */ = {isa = PBXBuildFile; fileRef = F1F4B7CC0FF297AA00AE8E86 /* tableview.mm */; };
/* End PBXBuildFile section */

/* Begin PBXFileReference section */
		089C165DFE840E0CC02AAC07 /* English */ = {isa = PBXFileReference; fileEncoding = 10; lastKnownFileType = text.plist.strings; name = English; path = English.lproj/InfoPlist.strings; sourceTree = "<group>"; };
		1058C7A1FEA54F0111CA2CBB /* Cocoa.framework */ = {isa = PBXFileReference; lastKnownFileType = wrapper.framework; name = Cocoa.framework; path = /System/Library/Frameworks/Cocoa.framework; sourceTree = "<absolute>"; };
		13E42FB307B3F0F600E4EEF1 /* CoreData.framework */ = {isa = PBXFileReference; lastKnownFileType = wrapper.framework; name = CoreData.framework; path = /System/Library/Frameworks/CoreData.framework; sourceTree = "<absolute>"; };
		29B97316FDCFA39411CA2CEA /* main.m */ = {isa = PBXFileReference; fileEncoding = 4; lastKnownFileType = sourcecode.c.objc; path = main.m; sourceTree = "<group>"; };
		29B97319FDCFA39411CA2CEA /* English */ = {isa = PBXFileReference; lastKnownFileType = wrapper.nib; name = English; path = English.lproj/MainMenu.nib; sourceTree = "<group>"; };
		29B97324FDCFA39411CA2CEA /* AppKit.framework */ = {isa = PBXFileReference; lastKnownFileType = wrapper.framework; name = AppKit.framework; path = /System/Library/Frameworks/AppKit.framework; sourceTree = "<absolute>"; };
		29B97325FDCFA39411CA2CEA /* Foundation.framework */ = {isa = PBXFileReference; lastKnownFileType = wrapper.framework; name = Foundation.framework; path = /System/Library/Frameworks/Foundation.framework; sourceTree = "<absolute>"; };
		8D1107310486CEB800E47090 /* Info.plist */ = {isa = PBXFileReference; fileEncoding = 4; lastKnownFileType = text.plist.xml; path = Info.plist; sourceTree = "<group>"; };
		8D1107320486CEB800E47090 /* ProcLab.app */ = {isa = PBXFileReference; explicitFileType = wrapper.application; includeInIndex = 0; path = ProcLab.app; sourceTree = BUILT_PRODUCTS_DIR; };
		F100BC6A1175208300BAD050 /* TGPerlinControl.h */ = {isa = PBXFileReference; fileEncoding = 4; lastKnownFileType = sourcecode.c.h; name = TGPerlinControl.h; path = TG_Controls/TGPerlinControl.h; sourceTree = "<group>"; };
		F100BC6B1175208300BAD050 /* TGPerlinControl.mm */ = {isa = PBXFileReference; fileEncoding = 4; lastKnownFileType = sourcecode.cpp.objcpp; name = TGPerlinControl.mm; path = TG_Controls/TGPerlinControl.mm; sourceTree = "<group>"; };
		F10B068511DE6A2100908D92 /* TGEfxCustomControl.h */ = {isa = PBXFileReference; fileEncoding = 4; lastKnownFileType = sourcecode.c.h; name = TGEfxCustomControl.h; path = TG_Controls/TGEfxCustomControl.h; sourceTree = "<group>"; };
		F10B068611DE6A2100908D92 /* TGEfxCustomControl.mm */ = {isa = PBXFileReference; fileEncoding = 4; lastKnownFileType = sourcecode.cpp.objcpp; name = TGEfxCustomControl.mm; path = TG_Controls/TGEfxCustomControl.mm; sourceTree = "<group>"; };
		F115DB550FF8292A00D2907C /* TGCelularControl.mm */ = {isa = PBXFileReference; fileEncoding = 4; lastKnownFileType = sourcecode.cpp.objcpp; name = TGCelularControl.mm; path = TG_Controls/TGCelularControl.mm; sourceTree = "<group>"; };
		F115DB560FF8292A00D2907C /* TGCelularControl.h */ = {isa = PBXFileReference; fileEncoding = 4; lastKnownFileType = sourcecode.c.h; name = TGCelularControl.h; path = TG_Controls/TGCelularControl.h; sourceTree = "<group>"; };
		F11784D311CC26810096172F /* tga.cpp */ = {isa = PBXFileReference; fileEncoding = 4; lastKnownFileType = sourcecode.cpp.cpp; name = tga.cpp; path = libs/tga.cpp; sourceTree = "<group>"; };
		F11784D411CC26810096172F /* tga.h */ = {isa = PBXFileReference; fileEncoding = 4; lastKnownFileType = sourcecode.c.h; name = tga.h; path = libs/tga.h; sourceTree = "<group>"; };
		F11871C510B9DE2900B005F4 /* TGBlobControl.h */ = {isa = PBXFileReference; fileEncoding = 4; lastKnownFileType = sourcecode.c.h; name = TGBlobControl.h; path = TG_Controls/TGBlobControl.h; sourceTree = "<group>"; };
		F11871C610B9DE2900B005F4 /* TGBlobControl.mm */ = {isa = PBXFileReference; fileEncoding = 4; lastKnownFileType = sourcecode.cpp.objcpp; name = TGBlobControl.mm; path = TG_Controls/TGBlobControl.mm; sourceTree = "<group>"; };
		F11AA2320FE5ACDE0031FE4E /* apple_font.h */ = {isa = PBXFileReference; fileEncoding = 4; lastKnownFileType = sourcecode.c.h; path = apple_font.h; sourceTree = "<group>"; };
		F11AA2330FE5ACDE0031FE4E /* apple_font.mm */ = {isa = PBXFileReference; fileEncoding = 4; lastKnownFileType = sourcecode.cpp.objcpp; path = apple_font.mm; sourceTree = "<group>"; };
		F11AA2340FE5ACDE0031FE4E /* main.h */ = {isa = PBXFileReference; fileEncoding = 4; lastKnownFileType = sourcecode.c.h; path = main.h; sourceTree = "<group>"; };
		F11AA24F0FE5AD4E0031FE4E /* file.cpp */ = {isa = PBXFileReference; fileEncoding = 4; lastKnownFileType = sourcecode.cpp.cpp; path = file.cpp; sourceTree = "<group>"; };
		F11AA2500FE5AD4E0031FE4E /* file.h */ = {isa = PBXFileReference; fileEncoding = 4; lastKnownFileType = sourcecode.c.h; path = file.h; sourceTree = "<group>"; };
		F11D0B830FF918A4001CBBCD /* TGNoiseControl.h */ = {isa = PBXFileReference; fileEncoding = 4; lastKnownFileType = sourcecode.c.h; name = TGNoiseControl.h; path = TG_Controls/TGNoiseControl.h; sourceTree = "<group>"; };
		F11D0B840FF918A4001CBBCD /* TGNoiseControl.mm */ = {isa = PBXFileReference; fileEncoding = 4; lastKnownFileType = sourcecode.cpp.objcpp; name = TGNoiseControl.mm; path = TG_Controls/TGNoiseControl.mm; sourceTree = "<group>"; };
		F153CC380DBBE5FC002DBFAC /* TGPlainControl.h */ = {isa = PBXFileReference; fileEncoding = 4; lastKnownFileType = sourcecode.c.h; name = TGPlainControl.h; path = TG_Controls/TGPlainControl.h; sourceTree = "<group>"; };
		F153CC390DBBE5FC002DBFAC /* TGPlainControl.mm */ = {isa = PBXFileReference; fileEncoding = 4; lastKnownFileType = sourcecode.cpp.objcpp; name = TGPlainControl.mm; path = TG_Controls/TGPlainControl.mm; sourceTree = "<group>"; };
		F16394400E3A2E3100A14991 /* structs.h */ = {isa = PBXFileReference; fileEncoding = 4; lastKnownFileType = sourcecode.c.h; path = structs.h; sourceTree = "<group>"; };
		F16394410E3A2E3100A14991 /* textgen.cpp */ = {isa = PBXFileReference; fileEncoding = 4; lastKnownFileType = sourcecode.cpp.cpp; path = textgen.cpp; sourceTree = "<group>"; };
		F16394420E3A2E3100A14991 /* textgen.h */ = {isa = PBXFileReference; fileEncoding = 4; lastKnownFileType = sourcecode.c.h; path = textgen.h; sourceTree = "<group>"; };
		F16394430E3A2E3100A14991 /* textgenlib.cpp */ = {isa = PBXFileReference; fileEncoding = 4; lastKnownFileType = sourcecode.cpp.cpp; path = textgenlib.cpp; sourceTree = "<group>"; };
		F16394440E3A2E3100A14991 /* textgenlib.h */ = {isa = PBXFileReference; fileEncoding = 4; lastKnownFileType = sourcecode.c.h; path = textgenlib.h; sourceTree = "<group>"; };
		F16394450E3A2E3100A14991 /* textlib.cpp */ = {isa = PBXFileReference; fileEncoding = 4; lastKnownFileType = sourcecode.cpp.cpp; path = textlib.cpp; sourceTree = "<group>"; };
		F16394460E3A2E3100A14991 /* textlib.h */ = {isa = PBXFileReference; fileEncoding = 4; lastKnownFileType = sourcecode.c.h; path = textlib.h; sourceTree = "<group>"; };
		F16394470E3A2E3100A14991 /* znl.cpp */ = {isa = PBXFileReference; fileEncoding = 4; lastKnownFileType = sourcecode.cpp.cpp; path = znl.cpp; sourceTree = "<group>"; };
		F16394480E3A2E3100A14991 /* znl.h */ = {isa = PBXFileReference; fileEncoding = 4; lastKnownFileType = sourcecode.c.h; path = znl.h; sourceTree = "<group>"; };
		F16394490E3A2E3100A14991 /* znt.cpp */ = {isa = PBXFileReference; fileEncoding = 4; lastKnownFileType = sourcecode.cpp.cpp; path = znt.cpp; sourceTree = "<group>"; };
		F163944A0E3A2E3100A14991 /* znt.h */ = {isa = PBXFileReference; fileEncoding = 4; lastKnownFileType = sourcecode.c.h; path = znt.h; sourceTree = "<group>"; };
		F1671BF31502C98F00E5FF71 /* TGEfxGradBlurControl.h */ = {isa = PBXFileReference; fileEncoding = 4; lastKnownFileType = sourcecode.c.h; name = TGEfxGradBlurControl.h; path = TG_Controls/TGEfxGradBlurControl.h; sourceTree = "<group>"; };
		F1671BF41502C98F00E5FF71 /* TGEfxGradBlurControl.mm */ = {isa = PBXFileReference; fileEncoding = 4; lastKnownFileType = sourcecode.cpp.objcpp; name = TGEfxGradBlurControl.mm; path = TG_Controls/TGEfxGradBlurControl.mm; sourceTree = "<group>"; };
		F1687F6D1890556F00D51308 /* Images.xcassets */ = {isa = PBXFileReference; lastKnownFileType = folder.assetcatalog; name = Images.xcassets; path = ProcLab/Images.xcassets; sourceTree = "<group>"; };
		F1758B52107D3C10005597B5 /* TGPlasmaControl.mm */ = {isa = PBXFileReference; fileEncoding = 4; lastKnownFileType = sourcecode.cpp.objcpp; name = TGPlasmaControl.mm; path = TG_Controls/TGPlasmaControl.mm; sourceTree = "<group>"; };
		F1758B53107D3C10005597B5 /* TGPlasmaControl.h */ = {isa = PBXFileReference; fileEncoding = 4; lastKnownFileType = sourcecode.c.h; name = TGPlasmaControl.h; path = TG_Controls/TGPlasmaControl.h; sourceTree = "<group>"; };
		F176AE710DAC0A5A00AF7EA6 /* MainGUIControl.h */ = {isa = PBXFileReference; fileEncoding = 4; lastKnownFileType = sourcecode.c.h; path = MainGUIControl.h; sourceTree = "<group>"; };
		F176AE720DAC0A5A00AF7EA6 /* MainGUIControl.m */ = {isa = PBXFileReference; fileEncoding = 4; lastKnownFileType = sourcecode.c.objc; path = MainGUIControl.m; sourceTree = "<group>"; };
		F19331090DBA56930013DD80 /* TGGUIControl.h */ = {isa = PBXFileReference; fileEncoding = 4; lastKnownFileType = sourcecode.c.h; path = TGGUIControl.h; sourceTree = "<group>"; };
		F193310A0DBA56930013DD80 /* TGGUIControl.mm */ = {isa = PBXFileReference; fileEncoding = 4; lastKnownFileType = sourcecode.cpp.objcpp; path = TGGUIControl.mm; sourceTree = "<group>"; };
		F19DD29B0DFAD4F300F032B9 /* c_structs.h */ = {isa = PBXFileReference; fileEncoding = 4; lastKnownFileType = sourcecode.c.h; path = c_structs.h; sourceTree = "<group>"; };
		F1A85FA114FACEBE00E7B4CD /* TGEfxColorizeControl.h */ = {isa = PBXFileReference; fileEncoding = 4; lastKnownFileType = sourcecode.c.h; name = TGEfxColorizeControl.h; path = TG_Controls/TGEfxColorizeControl.h; sourceTree = "<group>"; };
		F1A85FA214FACEBE00E7B4CD /* TGEfxColorizeControl.mm */ = {isa = PBXFileReference; fileEncoding = 4; lastKnownFileType = sourcecode.cpp.objcpp; name = TGEfxColorizeControl.mm; path = TG_Controls/TGEfxColorizeControl.mm; sourceTree = "<group>"; };
		F1E5D51D0FE05FA4008A2F22 /* proclab_Prefix.pch */ = {isa = PBXFileReference; fileEncoding = 4; lastKnownFileType = sourcecode.c.h; path = proclab_Prefix.pch; sourceTree = "<group>"; };
		F1F4B7CB0FF297AA00AE8E86 /* tableview.h */ = {isa = PBXFileReference; fileEncoding = 4; lastKnownFileType = sourcecode.c.h; name = tableview.h; path = controls/tableview.h; sourceTree = "<group>"; };
		F1F4B7CC0FF297AA00AE8E86 /* tableview.mm */ = {isa = PBXFileReference; fileEncoding = 4; lastKnownFileType = sourcecode.cpp.objcpp; name = tableview.mm; path = controls/tableview.mm; sourceTree = "<group>"; };
/* End PBXFileReference section */

/* Begin PBXFrameworksBuildPhase section */
		8D11072E0486CEB800E47090 /* Frameworks */ = {
			isa = PBXFrameworksBuildPhase;
			buildActionMask = 2147483647;
			files = (
				8D11072F0486CEB800E47090 /* Cocoa.framework in Frameworks */,
			);
			runOnlyForDeploymentPostprocessing = 0;
		};
/* End PBXFrameworksBuildPhase section */

/* Begin PBXGroup section */
		080E96DDFE201D6D7F000001 /* Classes */ = {
			isa = PBXGroup;
			children = (
				F11784D211CC266D0096172F /* libs */,
				F163943E0E3A2E3100A14991 /* textgenlib */,
				F176AE720DAC0A5A00AF7EA6 /* MainGUIControl.m */,
				F176AE710DAC0A5A00AF7EA6 /* MainGUIControl.h */,
				F193310A0DBA56930013DD80 /* TGGUIControl.mm */,
				F19331090DBA56930013DD80 /* TGGUIControl.h */,
				F19DD29B0DFAD4F300F032B9 /* c_structs.h */,
				F11AA24F0FE5AD4E0031FE4E /* file.cpp */,
				F11AA2500FE5AD4E0031FE4E /* file.h */,
				F1F4B7C30FF2977400AE8E86 /* controls */,
				F153CC2B0DBBE5A7002DBFAC /* TG_Controls */,
			);
			name = Classes;
			sourceTree = "<group>";
		};
		1058C7A0FEA54F0111CA2CBB /* Linked Frameworks */ = {
			isa = PBXGroup;
			children = (
				1058C7A1FEA54F0111CA2CBB /* Cocoa.framework */,
			);
			name = "Linked Frameworks";
			sourceTree = "<group>";
		};
		1058C7A2FEA54F0111CA2CBB /* Other Frameworks */ = {
			isa = PBXGroup;
			children = (
				29B97324FDCFA39411CA2CEA /* AppKit.framework */,
				13E42FB307B3F0F600E4EEF1 /* CoreData.framework */,
				29B97325FDCFA39411CA2CEA /* Foundation.framework */,
			);
			name = "Other Frameworks";
			sourceTree = "<group>";
		};
		19C28FACFE9D520D11CA2CBB /* Products */ = {
			isa = PBXGroup;
			children = (
				8D1107320486CEB800E47090 /* ProcLab.app */,
			);
			name = Products;
			sourceTree = "<group>";
		};
		29B97314FDCFA39411CA2CEA /* GenLab */ = {
			isa = PBXGroup;
			children = (
				080E96DDFE201D6D7F000001 /* Classes */,
				29B97315FDCFA39411CA2CEA /* Other Sources */,
				29B97317FDCFA39411CA2CEA /* Resources */,
				29B97323FDCFA39411CA2CEA /* Frameworks */,
				19C28FACFE9D520D11CA2CBB /* Products */,
			);
			name = GenLab;
			sourceTree = "<group>";
		};
		29B97315FDCFA39411CA2CEA /* Other Sources */ = {
			isa = PBXGroup;
			children = (
				F1E5D51D0FE05FA4008A2F22 /* proclab_Prefix.pch */,
				29B97316FDCFA39411CA2CEA /* main.m */,
			);
			name = "Other Sources";
			sourceTree = "<group>";
		};
		29B97317FDCFA39411CA2CEA /* Resources */ = {
			isa = PBXGroup;
			children = (
				F1687F6D1890556F00D51308 /* Images.xcassets */,
				8D1107310486CEB800E47090 /* Info.plist */,
				089C165CFE840E0CC02AAC07 /* InfoPlist.strings */,
				29B97318FDCFA39411CA2CEA /* MainMenu.nib */,
			);
			name = Resources;
			sourceTree = "<group>";
		};
		29B97323FDCFA39411CA2CEA /* Frameworks */ = {
			isa = PBXGroup;
			children = (
				1058C7A0FEA54F0111CA2CBB /* Linked Frameworks */,
				1058C7A2FEA54F0111CA2CBB /* Other Frameworks */,
			);
			name = Frameworks;
			sourceTree = "<group>";
		};
		F11784D211CC266D0096172F /* libs */ = {
			isa = PBXGroup;
			children = (
				F11784D311CC26810096172F /* tga.cpp */,
				F11784D411CC26810096172F /* tga.h */,
			);
			name = libs;
			sourceTree = "<group>";
		};
		F153CC2B0DBBE5A7002DBFAC /* TG_Controls */ = {
			isa = PBXGroup;
			children = (
				F1671BF31502C98F00E5FF71 /* TGEfxGradBlurControl.h */,
				F1671BF41502C98F00E5FF71 /* TGEfxGradBlurControl.mm */,
				F1A85FA114FACEBE00E7B4CD /* TGEfxColorizeControl.h */,
				F1A85FA214FACEBE00E7B4CD /* TGEfxColorizeControl.mm */,
				F10B068511DE6A2100908D92 /* TGEfxCustomControl.h */,
				F10B068611DE6A2100908D92 /* TGEfxCustomControl.mm */,
				F100BC6A1175208300BAD050 /* TGPerlinControl.h */,
				F100BC6B1175208300BAD050 /* TGPerlinControl.mm */,
				F11871C510B9DE2900B005F4 /* TGBlobControl.h */,
				F11871C610B9DE2900B005F4 /* TGBlobControl.mm */,
				F115DB550FF8292A00D2907C /* TGCelularControl.mm */,
				F115DB560FF8292A00D2907C /* TGCelularControl.h */,
				F11D0B840FF918A4001CBBCD /* TGNoiseControl.mm */,
				F11D0B830FF918A4001CBBCD /* TGNoiseControl.h */,
				F153CC390DBBE5FC002DBFAC /* TGPlainControl.mm */,
				F153CC380DBBE5FC002DBFAC /* TGPlainControl.h */,
				F1758B52107D3C10005597B5 /* TGPlasmaControl.mm */,
				F1758B53107D3C10005597B5 /* TGPlasmaControl.h */,
			);
			name = TG_Controls;
			sourceTree = "<group>";
		};
		F163943E0E3A2E3100A14991 /* textgenlib */ = {
			isa = PBXGroup;
			children = (
				F11AA2320FE5ACDE0031FE4E /* apple_font.h */,
				F11AA2330FE5ACDE0031FE4E /* apple_font.mm */,
				F11AA2340FE5ACDE0031FE4E /* main.h */,
				F16394400E3A2E3100A14991 /* structs.h */,
				F16394410E3A2E3100A14991 /* textgen.cpp */,
				F16394420E3A2E3100A14991 /* textgen.h */,
				F16394430E3A2E3100A14991 /* textgenlib.cpp */,
				F16394440E3A2E3100A14991 /* textgenlib.h */,
				F16394450E3A2E3100A14991 /* textlib.cpp */,
				F16394460E3A2E3100A14991 /* textlib.h */,
				F16394470E3A2E3100A14991 /* znl.cpp */,
				F16394480E3A2E3100A14991 /* znl.h */,
				F16394490E3A2E3100A14991 /* znt.cpp */,
				F163944A0E3A2E3100A14991 /* znt.h */,
			);
			path = textgenlib;
			sourceTree = "<group>";
		};
		F1F4B7C30FF2977400AE8E86 /* controls */ = {
			isa = PBXGroup;
			children = (
				F1F4B7CB0FF297AA00AE8E86 /* tableview.h */,
				F1F4B7CC0FF297AA00AE8E86 /* tableview.mm */,
			);
			name = controls;
			sourceTree = "<group>";
		};
/* End PBXGroup section */

/* Begin PBXNativeTarget section */
		8D1107260486CEB800E47090 /* ProcLab */ = {
			isa = PBXNativeTarget;
			buildConfigurationList = C01FCF4A08A954540054247B /* Build configuration list for PBXNativeTarget "ProcLab" */;
			buildPhases = (
				8D1107290486CEB800E47090 /* Resources */,
				8D11072C0486CEB800E47090 /* Sources */,
				8D11072E0486CEB800E47090 /* Frameworks */,
			);
			buildRules = (
			);
			dependencies = (
			);
			name = ProcLab;
			productInstallPath = "$(HOME)/Applications";
			productName = GenLab;
			productReference = 8D1107320486CEB800E47090 /* ProcLab.app */;
			productType = "com.apple.product-type.application";
		};
/* End PBXNativeTarget section */

/* Begin PBXProject section */
		29B97313FDCFA39411CA2CEA /* Project object */ = {
			isa = PBXProject;
			attributes = {
				LastUpgradeCheck = 0500;
			};
			buildConfigurationList = C01FCF4E08A954540054247B /* Build configuration list for PBXProject "proclab" */;
			compatibilityVersion = "Xcode 3.2";
			developmentRegion = English;
			hasScannedForEncodings = 1;
			knownRegions = (
				English,
				Japanese,
				French,
				German,
			);
			mainGroup = 29B97314FDCFA39411CA2CEA /* GenLab */;
			projectDirPath = "";
			projectRoot = "";
			targets = (
				8D1107260486CEB800E47090 /* ProcLab */,
			);
		};
/* End PBXProject section */

/* Begin PBXResourcesBuildPhase section */
		8D1107290486CEB800E47090 /* Resources */ = {
			isa = PBXResourcesBuildPhase;
			buildActionMask = 2147483647;
			files = (
				F1687F6E1890556F00D51308 /* Images.xcassets in Resources */,
				8D11072A0486CEB800E47090 /* MainMenu.nib in Resources */,
				8D11072B0486CEB800E47090 /* InfoPlist.strings in Resources */,
			);
			runOnlyForDeploymentPostprocessing = 0;
		};
/* End PBXResourcesBuildPhase section */

/* Begin PBXSourcesBuildPhase section */
		8D11072C0486CEB800E47090 /* Sources */ = {
			isa = PBXSourcesBuildPhase;
			buildActionMask = 2147483647;
			files = (
				8D11072D0486CEB800E47090 /* main.m in Sources */,
				F176AE730DAC0A5A00AF7EA6 /* MainGUIControl.m in Sources */,
				F193310B0DBA56930013DD80 /* TGGUIControl.mm in Sources */,
				F153CC3A0DBBE5FC002DBFAC /* TGPlainControl.mm in Sources */,
				F163944B0E3A2E3100A14991 /* textgen.cpp in Sources */,
				F163944C0E3A2E3100A14991 /* textgenlib.cpp in Sources */,
				F163944D0E3A2E3100A14991 /* textlib.cpp in Sources */,
				F163944E0E3A2E3100A14991 /* znl.cpp in Sources */,
				F163944F0E3A2E3100A14991 /* znt.cpp in Sources */,
				F11AA2350FE5ACDE0031FE4E /* apple_font.mm in Sources */,
				F11AA2510FE5AD4E0031FE4E /* file.cpp in Sources */,
				F1F4B7CD0FF297AA00AE8E86 /* tableview.mm in Sources */,
				F115DB570FF8292A00D2907C /* TGCelularControl.mm in Sources */,
				F11D0B850FF918A4001CBBCD /* TGNoiseControl.mm in Sources */,
				F1758B54107D3C10005597B5 /* TGPlasmaControl.mm in Sources */,
				F11871C710B9DE2900B005F4 /* TGBlobControl.mm in Sources */,
				F100BC6C1175208300BAD050 /* TGPerlinControl.mm in Sources */,
				F11784D511CC26810096172F /* tga.cpp in Sources */,
				F10B068711DE6A2100908D92 /* TGEfxCustomControl.mm in Sources */,
				F1A85FA314FACEBE00E7B4CD /* TGEfxColorizeControl.mm in Sources */,
				F1671BF51502C98F00E5FF71 /* TGEfxGradBlurControl.mm in Sources */,
			);
			runOnlyForDeploymentPostprocessing = 0;
		};
/* End PBXSourcesBuildPhase section */

/* Begin PBXVariantGroup section */
		089C165CFE840E0CC02AAC07 /* InfoPlist.strings */ = {
			isa = PBXVariantGroup;
			children = (
				089C165DFE840E0CC02AAC07 /* English */,
			);
			name = InfoPlist.strings;
			sourceTree = "<group>";
		};
		29B97318FDCFA39411CA2CEA /* MainMenu.nib */ = {
			isa = PBXVariantGroup;
			children = (
				29B97319FDCFA39411CA2CEA /* English */,
			);
			name = MainMenu.nib;
			sourceTree = "<group>";
		};
/* End PBXVariantGroup section */

/* Begin XCBuildConfiguration section */
		C01FCF4B08A954540054247B /* Debug */ = {
			isa = XCBuildConfiguration;
			buildSettings = {
				ALWAYS_SEARCH_USER_PATHS = NO;
				ASSETCATALOG_COMPILER_APPICON_NAME = AppIcon;
				COMBINE_HIDPI_IMAGES = YES;
				COPY_PHASE_STRIP = NO;
				GCC_DYNAMIC_NO_PIC = NO;
				GCC_MODEL_TUNING = G5;
				GCC_OPTIMIZATION_LEVEL = 0;
				GCC_PRECOMPILE_PREFIX_HEADER = YES;
				GCC_PREFIX_HEADER = ProcLab_Prefix.pch;
				INFOPLIST_FILE = Info.plist;
				INSTALL_PATH = "$(HOME)/Applications";
				MACOSX_DEPLOYMENT_TARGET = 10.8;
				PRODUCT_NAME = ProcLab;
				SDKROOT = macosx;
			};
			name = Debug;
		};
		C01FCF4C08A954540054247B /* Release */ = {
			isa = XCBuildConfiguration;
			buildSettings = {
				ALWAYS_SEARCH_USER_PATHS = NO;
				ASSETCATALOG_COMPILER_APPICON_NAME = AppIcon;
				COMBINE_HIDPI_IMAGES = YES;
				DEBUG_INFORMATION_FORMAT = "dwarf-with-dsym";
				GCC_MODEL_TUNING = G5;
				GCC_PRECOMPILE_PREFIX_HEADER = YES;
				GCC_PREFIX_HEADER = proclab_Prefix.pch;
				INFOPLIST_FILE = Info.plist;
				INSTALL_PATH = "$(HOME)/Applications";
				MACOSX_DEPLOYMENT_TARGET = 10.8;
				PRODUCT_NAME = ProcLab;
				SDKROOT = macosx;
			};
			name = Release;
		};
		C01FCF4F08A954540054247B /* Debug */ = {
			isa = XCBuildConfiguration;
			buildSettings = {
				ALWAYS_SEARCH_USER_PATHS = NO;
				GCC_C_LANGUAGE_STANDARD = c99;
				GCC_OPTIMIZATION_LEVEL = 0;
				GCC_WARN_ABOUT_RETURN_TYPE = YES;
				GCC_WARN_UNUSED_VARIABLE = YES;
				ONLY_ACTIVE_ARCH = YES;
				SDKROOT = macosx;
			};
			name = Debug;
		};
		C01FCF5008A954540054247B /* Release */ = {
			isa = XCBuildConfiguration;
			buildSettings = {
				ALWAYS_SEARCH_USER_PATHS = NO;
				GCC_C_LANGUAGE_STANDARD = c99;
				GCC_WARN_ABOUT_RETURN_TYPE = YES;
				GCC_WARN_UNUSED_VARIABLE = YES;
				SDKROOT = macosx;
			};
			name = Release;
		};
/* End XCBuildConfiguration section */

/* Begin XCConfigurationList section */
		C01FCF4A08A954540054247B /* Build configuration list for PBXNativeTarget "ProcLab" */ = {
			isa = XCConfigurationList;
			buildConfigurations = (
				C01FCF4B08A954540054247B /* Debug */,
				C01FCF4C08A954540054247B /* Release */,
			);
			defaultConfigurationIsVisible = 0;
			defaultConfigurationName = Release;
		};
		C01FCF4E08A954540054247B /* Build configuration list for PBXProject "proclab" */ = {
			isa = XCConfigurationList;
			buildConfigurations = (
				C01FCF4F08A954540054247B /* Debug */,
				C01FCF5008A954540054247B /* Release */,
			);
			defaultConfigurationIsVisible = 0;
			defaultConfigurationName = Release;
		};
/* End XCConfigurationList section */
	};
	rootObject = 29B97313FDCFA39411CA2CEA /* Project object */;
}
